// !$*UTF8*$!
{
	archiveVersion = 1;
	classes = {
	};
	objectVersion = 56;
	objects = {

/* Begin PBXBuildFile section */
		5C24155B299A2DCE00259CEB /* PlanDo.swift in Sources */ = {isa = PBXBuildFile; fileRef = 5C24155A299A2DCE00259CEB /* PlanDo.swift */; };
		5C4B8CED2994ADE100B6348E /* tabBar_model.swift in Sources */ = {isa = PBXBuildFile; fileRef = 5C4B8CEC2994ADE100B6348E /* tabBar_model.swift */; };
		5C4B8CF02994CE4800B6348E /* ColorExtension.swift in Sources */ = {isa = PBXBuildFile; fileRef = 5C4B8CEF2994CE4800B6348E /* ColorExtension.swift */; };
		5C62FE7029922A640046A41F /* BottomBar.swift in Sources */ = {isa = PBXBuildFile; fileRef = 5C62FE6F29922A640046A41F /* BottomBar.swift */; };
		5C62FE7229922EE70046A41F /* theme.swift in Sources */ = {isa = PBXBuildFile; fileRef = 5C62FE7129922EE70046A41F /* theme.swift */; };
		5CA6AC13298799D1004AE124 /* Main.swift in Sources */ = {isa = PBXBuildFile; fileRef = 5CA6AC12298799D1004AE124 /* Main.swift */; };
		5CA6AC15298799D1004AE124 /* ContentView.swift in Sources */ = {isa = PBXBuildFile; fileRef = 5CA6AC14298799D1004AE124 /* ContentView.swift */; };
		5CA6AC17298799D5004AE124 /* Assets.xcassets in Resources */ = {isa = PBXBuildFile; fileRef = 5CA6AC16298799D5004AE124 /* Assets.xcassets */; };
		5CA6AC1A298799D5004AE124 /* Preview Assets.xcassets in Resources */ = {isa = PBXBuildFile; fileRef = 5CA6AC19298799D5004AE124 /* Preview Assets.xcassets */; };
		5CA6AC24298799D5004AE124 /* _weekPDCATests.swift in Sources */ = {isa = PBXBuildFile; fileRef = 5CA6AC23298799D5004AE124 /* _weekPDCATests.swift */; };
		5CA6AC2E298799D5004AE124 /* _weekPDCAUITests.swift in Sources */ = {isa = PBXBuildFile; fileRef = 5CA6AC2D298799D5004AE124 /* _weekPDCAUITests.swift */; };
		5CA6AC30298799D5004AE124 /* _weekPDCAUITestsLaunchTests.swift in Sources */ = {isa = PBXBuildFile; fileRef = 5CA6AC2F298799D5004AE124 /* _weekPDCAUITestsLaunchTests.swift */; };
		98D37752B7240C6CEB6A6D43 /* Pods_1weekPDCA_1weekPDCAUITests.framework in Frameworks */ = {isa = PBXBuildFile; fileRef = 360C89A90F466F1B3063CE05 /* Pods_1weekPDCA_1weekPDCAUITests.framework */; };
		F7E21F7ECC8A88DCE682F3B1 /* Pods_1weekPDCA.framework in Frameworks */ = {isa = PBXBuildFile; fileRef = 8E491695012959E3D3B9CC5E /* Pods_1weekPDCA.framework */; };
		F8EB2FB4C3461F0684EF768B /* Pods_1weekPDCATests.framework in Frameworks */ = {isa = PBXBuildFile; fileRef = 9DDD826369EB587B96C4BC50 /* Pods_1weekPDCATests.framework */; };
/* End PBXBuildFile section */

/* Begin PBXContainerItemProxy section */
		5CA6AC20298799D5004AE124 /* PBXContainerItemProxy */ = {
			isa = PBXContainerItemProxy;
			containerPortal = 5CA6AC07298799D1004AE124 /* Project object */;
			proxyType = 1;
			remoteGlobalIDString = 5CA6AC0E298799D1004AE124;
			remoteInfo = 1weekPDCA;
		};
		5CA6AC2A298799D5004AE124 /* PBXContainerItemProxy */ = {
			isa = PBXContainerItemProxy;
			containerPortal = 5CA6AC07298799D1004AE124 /* Project object */;
			proxyType = 1;
			remoteGlobalIDString = 5CA6AC0E298799D1004AE124;
			remoteInfo = 1weekPDCA;
		};
/* End PBXContainerItemProxy section */

/* Begin PBXFileReference section */
		0B637DC2E66FE9E2794BBF9B /* Pods-1weekPDCA-1weekPDCAUITests.debug.xcconfig */ = {isa = PBXFileReference; includeInIndex = 1; lastKnownFileType = text.xcconfig; name = "Pods-1weekPDCA-1weekPDCAUITests.debug.xcconfig"; path = "Target Support Files/Pods-1weekPDCA-1weekPDCAUITests/Pods-1weekPDCA-1weekPDCAUITests.debug.xcconfig"; sourceTree = "<group>"; };
		136F24161732E7EECCA00C16 /* Pods-1weekPDCATests.release.xcconfig */ = {isa = PBXFileReference; includeInIndex = 1; lastKnownFileType = text.xcconfig; name = "Pods-1weekPDCATests.release.xcconfig"; path = "Target Support Files/Pods-1weekPDCATests/Pods-1weekPDCATests.release.xcconfig"; sourceTree = "<group>"; };
		360C89A90F466F1B3063CE05 /* Pods_1weekPDCA_1weekPDCAUITests.framework */ = {isa = PBXFileReference; explicitFileType = wrapper.framework; includeInIndex = 0; path = Pods_1weekPDCA_1weekPDCAUITests.framework; sourceTree = BUILT_PRODUCTS_DIR; };
		3D63D9445BED265BCCE36233 /* Pods-1weekPDCA.release.xcconfig */ = {isa = PBXFileReference; includeInIndex = 1; lastKnownFileType = text.xcconfig; name = "Pods-1weekPDCA.release.xcconfig"; path = "Target Support Files/Pods-1weekPDCA/Pods-1weekPDCA.release.xcconfig"; sourceTree = "<group>"; };
		5C24155A299A2DCE00259CEB /* PlanDo.swift */ = {isa = PBXFileReference; lastKnownFileType = sourcecode.swift; path = PlanDo.swift; sourceTree = "<group>"; };
		5C4B8CEC2994ADE100B6348E /* tabBar_model.swift */ = {isa = PBXFileReference; lastKnownFileType = sourcecode.swift; path = tabBar_model.swift; sourceTree = "<group>"; };
		5C4B8CEF2994CE4800B6348E /* ColorExtension.swift */ = {isa = PBXFileReference; lastKnownFileType = sourcecode.swift; path = ColorExtension.swift; sourceTree = "<group>"; };
		5C62FE6F29922A640046A41F /* BottomBar.swift */ = {isa = PBXFileReference; lastKnownFileType = sourcecode.swift; path = BottomBar.swift; sourceTree = "<group>"; };
		5C62FE7129922EE70046A41F /* theme.swift */ = {isa = PBXFileReference; lastKnownFileType = sourcecode.swift; path = theme.swift; sourceTree = "<group>"; };
		5CA6AC0F298799D1004AE124 /* 1weekPDCA.app */ = {isa = PBXFileReference; explicitFileType = wrapper.application; includeInIndex = 0; path = 1weekPDCA.app; sourceTree = BUILT_PRODUCTS_DIR; };
		5CA6AC12298799D1004AE124 /* Main.swift */ = {isa = PBXFileReference; lastKnownFileType = sourcecode.swift; path = Main.swift; sourceTree = "<group>"; };
		5CA6AC14298799D1004AE124 /* ContentView.swift */ = {isa = PBXFileReference; lastKnownFileType = sourcecode.swift; path = ContentView.swift; sourceTree = "<group>"; };
		5CA6AC16298799D5004AE124 /* Assets.xcassets */ = {isa = PBXFileReference; lastKnownFileType = folder.assetcatalog; path = Assets.xcassets; sourceTree = "<group>"; };
		5CA6AC19298799D5004AE124 /* Preview Assets.xcassets */ = {isa = PBXFileReference; lastKnownFileType = folder.assetcatalog; path = "Preview Assets.xcassets"; sourceTree = "<group>"; };
		5CA6AC1F298799D5004AE124 /* 1weekPDCATests.xctest */ = {isa = PBXFileReference; explicitFileType = wrapper.cfbundle; includeInIndex = 0; path = 1weekPDCATests.xctest; sourceTree = BUILT_PRODUCTS_DIR; };
		5CA6AC23298799D5004AE124 /* _weekPDCATests.swift */ = {isa = PBXFileReference; lastKnownFileType = sourcecode.swift; path = _weekPDCATests.swift; sourceTree = "<group>"; };
		5CA6AC29298799D5004AE124 /* 1weekPDCAUITests.xctest */ = {isa = PBXFileReference; explicitFileType = wrapper.cfbundle; includeInIndex = 0; path = 1weekPDCAUITests.xctest; sourceTree = BUILT_PRODUCTS_DIR; };
		5CA6AC2D298799D5004AE124 /* _weekPDCAUITests.swift */ = {isa = PBXFileReference; lastKnownFileType = sourcecode.swift; path = _weekPDCAUITests.swift; sourceTree = "<group>"; };
		5CA6AC2F298799D5004AE124 /* _weekPDCAUITestsLaunchTests.swift */ = {isa = PBXFileReference; lastKnownFileType = sourcecode.swift; path = _weekPDCAUITestsLaunchTests.swift; sourceTree = "<group>"; };
		8E491695012959E3D3B9CC5E /* Pods_1weekPDCA.framework */ = {isa = PBXFileReference; explicitFileType = wrapper.framework; includeInIndex = 0; path = Pods_1weekPDCA.framework; sourceTree = BUILT_PRODUCTS_DIR; };
		9DDD826369EB587B96C4BC50 /* Pods_1weekPDCATests.framework */ = {isa = PBXFileReference; explicitFileType = wrapper.framework; includeInIndex = 0; path = Pods_1weekPDCATests.framework; sourceTree = BUILT_PRODUCTS_DIR; };
		C1CF9F19683F51CBDD78888F /* Pods-1weekPDCA-1weekPDCAUITests.release.xcconfig */ = {isa = PBXFileReference; includeInIndex = 1; lastKnownFileType = text.xcconfig; name = "Pods-1weekPDCA-1weekPDCAUITests.release.xcconfig"; path = "Target Support Files/Pods-1weekPDCA-1weekPDCAUITests/Pods-1weekPDCA-1weekPDCAUITests.release.xcconfig"; sourceTree = "<group>"; };
		E55A53642C0FD13C5F2E06A5 /* Pods-1weekPDCATests.debug.xcconfig */ = {isa = PBXFileReference; includeInIndex = 1; lastKnownFileType = text.xcconfig; name = "Pods-1weekPDCATests.debug.xcconfig"; path = "Target Support Files/Pods-1weekPDCATests/Pods-1weekPDCATests.debug.xcconfig"; sourceTree = "<group>"; };
		F9FD94932A614A4D48A7E067 /* Pods-1weekPDCA.debug.xcconfig */ = {isa = PBXFileReference; includeInIndex = 1; lastKnownFileType = text.xcconfig; name = "Pods-1weekPDCA.debug.xcconfig"; path = "Target Support Files/Pods-1weekPDCA/Pods-1weekPDCA.debug.xcconfig"; sourceTree = "<group>"; };
/* End PBXFileReference section */

/* Begin PBXFrameworksBuildPhase section */
		5CA6AC0C298799D1004AE124 /* Frameworks */ = {
			isa = PBXFrameworksBuildPhase;
			buildActionMask = 2147483647;
			files = (
				F7E21F7ECC8A88DCE682F3B1 /* Pods_1weekPDCA.framework in Frameworks */,
			);
			runOnlyForDeploymentPostprocessing = 0;
		};
		5CA6AC1C298799D5004AE124 /* Frameworks */ = {
			isa = PBXFrameworksBuildPhase;
			buildActionMask = 2147483647;
			files = (
				F8EB2FB4C3461F0684EF768B /* Pods_1weekPDCATests.framework in Frameworks */,
			);
			runOnlyForDeploymentPostprocessing = 0;
		};
		5CA6AC26298799D5004AE124 /* Frameworks */ = {
			isa = PBXFrameworksBuildPhase;
			buildActionMask = 2147483647;
			files = (
				98D37752B7240C6CEB6A6D43 /* Pods_1weekPDCA_1weekPDCAUITests.framework in Frameworks */,
			);
			runOnlyForDeploymentPostprocessing = 0;
		};
/* End PBXFrameworksBuildPhase section */

/* Begin PBXGroup section */
		5C4B8CEE2994CE1F00B6348E /* utils */ = {
			isa = PBXGroup;
			children = (
				5C62FE7129922EE70046A41F /* theme.swift */,
				5C4B8CEF2994CE4800B6348E /* ColorExtension.swift */,
			);
			path = utils;
			sourceTree = "<group>";
		};
		5C62FE6E2992299E0046A41F /* infrastructure */ = {
			isa = PBXGroup;
			children = (
			);
			path = infrastructure;
			sourceTree = "<group>";
		};
		5C86E3742987A0CB00AB639E /* application */ = {
			isa = PBXGroup;
			children = (
			);
			path = application;
			sourceTree = "<group>";
		};
		5C86E3752987A0E200AB639E /* domain */ = {
			isa = PBXGroup;
			children = (
				5C4B8CEC2994ADE100B6348E /* tabBar_model.swift */,
			);
			path = domain;
			sourceTree = "<group>";
		};
		5C86E3762987A11100AB639E /* presentation */ = {
			isa = PBXGroup;
			children = (
				5CA6AC12298799D1004AE124 /* Main.swift */,
				5C62FE6F29922A640046A41F /* BottomBar.swift */,
				5C24155A299A2DCE00259CEB /* PlanDo.swift */,
			);
			path = presentation;
			sourceTree = "<group>";
		};
		5CA6AC06298799D1004AE124 = {
			isa = PBXGroup;
			children = (
				5CA6AC16298799D5004AE124 /* Assets.xcassets */,
				5CA6AC14298799D1004AE124 /* ContentView.swift */,
				5CA6AC11298799D1004AE124 /* 1weekPDCA */,
				5CA6AC22298799D5004AE124 /* 1weekPDCATests */,
				5CA6AC2C298799D5004AE124 /* 1weekPDCAUITests */,
				5CA6AC10298799D1004AE124 /* Products */,
				C5CAE08D6D12F750F9755C61 /* Pods */,
				6BE6DD9A39A778B02EF972B6 /* Frameworks */,
			);
			sourceTree = "<group>";
		};
		5CA6AC10298799D1004AE124 /* Products */ = {
			isa = PBXGroup;
			children = (
				5CA6AC0F298799D1004AE124 /* 1weekPDCA.app */,
				5CA6AC1F298799D5004AE124 /* 1weekPDCATests.xctest */,
				5CA6AC29298799D5004AE124 /* 1weekPDCAUITests.xctest */,
			);
			name = Products;
			sourceTree = "<group>";
		};
		5CA6AC11298799D1004AE124 /* 1weekPDCA */ = {
			isa = PBXGroup;
			children = (
				5C4B8CEE2994CE1F00B6348E /* utils */,
				5C86E3762987A11100AB639E /* presentation */,
				5C86E3742987A0CB00AB639E /* application */,
				5C86E3752987A0E200AB639E /* domain */,
				5C62FE6E2992299E0046A41F /* infrastructure */,
				5CA6AC18298799D5004AE124 /* Preview Content */,
			);
			path = 1weekPDCA;
			sourceTree = "<group>";
		};
		5CA6AC18298799D5004AE124 /* Preview Content */ = {
			isa = PBXGroup;
			children = (
				5CA6AC19298799D5004AE124 /* Preview Assets.xcassets */,
			);
			path = "Preview Content";
			sourceTree = "<group>";
		};
		5CA6AC22298799D5004AE124 /* 1weekPDCATests */ = {
			isa = PBXGroup;
			children = (
				5CA6AC23298799D5004AE124 /* _weekPDCATests.swift */,
			);
			path = 1weekPDCATests;
			sourceTree = "<group>";
		};
		5CA6AC2C298799D5004AE124 /* 1weekPDCAUITests */ = {
			isa = PBXGroup;
			children = (
				5CA6AC2D298799D5004AE124 /* _weekPDCAUITests.swift */,
				5CA6AC2F298799D5004AE124 /* _weekPDCAUITestsLaunchTests.swift */,
			);
			path = 1weekPDCAUITests;
			sourceTree = "<group>";
		};
		6BE6DD9A39A778B02EF972B6 /* Frameworks */ = {
			isa = PBXGroup;
			children = (
				8E491695012959E3D3B9CC5E /* Pods_1weekPDCA.framework */,
				360C89A90F466F1B3063CE05 /* Pods_1weekPDCA_1weekPDCAUITests.framework */,
				9DDD826369EB587B96C4BC50 /* Pods_1weekPDCATests.framework */,
			);
			name = Frameworks;
			sourceTree = "<group>";
		};
		C5CAE08D6D12F750F9755C61 /* Pods */ = {
			isa = PBXGroup;
			children = (
				F9FD94932A614A4D48A7E067 /* Pods-1weekPDCA.debug.xcconfig */,
				3D63D9445BED265BCCE36233 /* Pods-1weekPDCA.release.xcconfig */,
				0B637DC2E66FE9E2794BBF9B /* Pods-1weekPDCA-1weekPDCAUITests.debug.xcconfig */,
				C1CF9F19683F51CBDD78888F /* Pods-1weekPDCA-1weekPDCAUITests.release.xcconfig */,
				E55A53642C0FD13C5F2E06A5 /* Pods-1weekPDCATests.debug.xcconfig */,
				136F24161732E7EECCA00C16 /* Pods-1weekPDCATests.release.xcconfig */,
			);
			path = Pods;
			sourceTree = "<group>";
		};
/* End PBXGroup section */

/* Begin PBXNativeTarget section */
		5CA6AC0E298799D1004AE124 /* 1weekPDCA */ = {
			isa = PBXNativeTarget;
			buildConfigurationList = 5CA6AC33298799D5004AE124 /* Build configuration list for PBXNativeTarget "1weekPDCA" */;
			buildPhases = (
				E5668DFF39675B2B0C90468B /* [CP] Check Pods Manifest.lock */,
				5CA6AC0B298799D1004AE124 /* Sources */,
				5CA6AC0C298799D1004AE124 /* Frameworks */,
				5CA6AC0D298799D1004AE124 /* Resources */,
				D2FBB5D268D117C567836ECC /* [CP] Embed Pods Frameworks */,
			);
			buildRules = (
			);
			dependencies = (
			);
			name = 1weekPDCA;
			productName = 1weekPDCA;
			productReference = 5CA6AC0F298799D1004AE124 /* 1weekPDCA.app */;
			productType = "com.apple.product-type.application";
		};
		5CA6AC1E298799D5004AE124 /* 1weekPDCATests */ = {
			isa = PBXNativeTarget;
			buildConfigurationList = 5CA6AC36298799D5004AE124 /* Build configuration list for PBXNativeTarget "1weekPDCATests" */;
			buildPhases = (
				0BCA6E79BD9C788FF8CBCB0A /* [CP] Check Pods Manifest.lock */,
				5CA6AC1B298799D5004AE124 /* Sources */,
				5CA6AC1C298799D5004AE124 /* Frameworks */,
				5CA6AC1D298799D5004AE124 /* Resources */,
			);
			buildRules = (
			);
			dependencies = (
				5CA6AC21298799D5004AE124 /* PBXTargetDependency */,
			);
			name = 1weekPDCATests;
			productName = 1weekPDCATests;
			productReference = 5CA6AC1F298799D5004AE124 /* 1weekPDCATests.xctest */;
			productType = "com.apple.product-type.bundle.unit-test";
		};
		5CA6AC28298799D5004AE124 /* 1weekPDCAUITests */ = {
			isa = PBXNativeTarget;
			buildConfigurationList = 5CA6AC39298799D5004AE124 /* Build configuration list for PBXNativeTarget "1weekPDCAUITests" */;
			buildPhases = (
				C8B6C0C7B56E1E97D4EBDFB5 /* [CP] Check Pods Manifest.lock */,
				5CA6AC25298799D5004AE124 /* Sources */,
				5CA6AC26298799D5004AE124 /* Frameworks */,
				5CA6AC27298799D5004AE124 /* Resources */,
				69F0735CFE3C494B8303D35F /* [CP] Embed Pods Frameworks */,
			);
			buildRules = (
			);
			dependencies = (
				5CA6AC2B298799D5004AE124 /* PBXTargetDependency */,
			);
			name = 1weekPDCAUITests;
			productName = 1weekPDCAUITests;
			productReference = 5CA6AC29298799D5004AE124 /* 1weekPDCAUITests.xctest */;
			productType = "com.apple.product-type.bundle.ui-testing";
		};
/* End PBXNativeTarget section */

/* Begin PBXProject section */
		5CA6AC07298799D1004AE124 /* Project object */ = {
			isa = PBXProject;
			attributes = {
				BuildIndependentTargetsInParallel = 1;
				LastSwiftUpdateCheck = 1420;
				LastUpgradeCheck = 1420;
				TargetAttributes = {
					5CA6AC0E298799D1004AE124 = {
						CreatedOnToolsVersion = 14.2;
					};
					5CA6AC1E298799D5004AE124 = {
						CreatedOnToolsVersion = 14.2;
						TestTargetID = 5CA6AC0E298799D1004AE124;
					};
					5CA6AC28298799D5004AE124 = {
						CreatedOnToolsVersion = 14.2;
						TestTargetID = 5CA6AC0E298799D1004AE124;
					};
				};
			};
			buildConfigurationList = 5CA6AC0A298799D1004AE124 /* Build configuration list for PBXProject "1weekPDCA" */;
			compatibilityVersion = "Xcode 14.0";
			developmentRegion = en;
			hasScannedForEncodings = 0;
			knownRegions = (
				en,
				Base,
			);
			mainGroup = 5CA6AC06298799D1004AE124;
			productRefGroup = 5CA6AC10298799D1004AE124 /* Products */;
			projectDirPath = "";
			projectRoot = "";
			targets = (
				5CA6AC0E298799D1004AE124 /* 1weekPDCA */,
				5CA6AC1E298799D5004AE124 /* 1weekPDCATests */,
				5CA6AC28298799D5004AE124 /* 1weekPDCAUITests */,
			);
		};
/* End PBXProject section */

/* Begin PBXResourcesBuildPhase section */
		5CA6AC0D298799D1004AE124 /* Resources */ = {
			isa = PBXResourcesBuildPhase;
			buildActionMask = 2147483647;
			files = (
				5CA6AC1A298799D5004AE124 /* Preview Assets.xcassets in Resources */,
				5CA6AC17298799D5004AE124 /* Assets.xcassets in Resources */,
			);
			runOnlyForDeploymentPostprocessing = 0;
		};
		5CA6AC1D298799D5004AE124 /* Resources */ = {
			isa = PBXResourcesBuildPhase;
			buildActionMask = 2147483647;
			files = (
			);
			runOnlyForDeploymentPostprocessing = 0;
		};
		5CA6AC27298799D5004AE124 /* Resources */ = {
			isa = PBXResourcesBuildPhase;
			buildActionMask = 2147483647;
			files = (
			);
			runOnlyForDeploymentPostprocessing = 0;
		};
/* End PBXResourcesBuildPhase section */

/* Begin PBXShellScriptBuildPhase section */
		0BCA6E79BD9C788FF8CBCB0A /* [CP] Check Pods Manifest.lock */ = {
			isa = PBXShellScriptBuildPhase;
			buildActionMask = 2147483647;
			files = (
			);
			inputFileListPaths = (
			);
			inputPaths = (
				"${PODS_PODFILE_DIR_PATH}/Podfile.lock",
				"${PODS_ROOT}/Manifest.lock",
			);
			name = "[CP] Check Pods Manifest.lock";
			outputFileListPaths = (
			);
			outputPaths = (
				"$(DERIVED_FILE_DIR)/Pods-1weekPDCATests-checkManifestLockResult.txt",
			);
			runOnlyForDeploymentPostprocessing = 0;
			shellPath = /bin/sh;
			shellScript = "diff \"${PODS_PODFILE_DIR_PATH}/Podfile.lock\" \"${PODS_ROOT}/Manifest.lock\" > /dev/null\nif [ $? != 0 ] ; then\n    # print error to STDERR\n    echo \"error: The sandbox is not in sync with the Podfile.lock. Run 'pod install' or update your CocoaPods installation.\" >&2\n    exit 1\nfi\n# This output is used by Xcode 'outputs' to avoid re-running this script phase.\necho \"SUCCESS\" > \"${SCRIPT_OUTPUT_FILE_0}\"\n";
			showEnvVarsInLog = 0;
		};
		69F0735CFE3C494B8303D35F /* [CP] Embed Pods Frameworks */ = {
			isa = PBXShellScriptBuildPhase;
			buildActionMask = 2147483647;
			files = (
			);
			inputFileListPaths = (
				"${PODS_ROOT}/Target Support Files/Pods-1weekPDCA-1weekPDCAUITests/Pods-1weekPDCA-1weekPDCAUITests-frameworks-${CONFIGURATION}-input-files.xcfilelist",
			);
			name = "[CP] Embed Pods Frameworks";
			outputFileListPaths = (
				"${PODS_ROOT}/Target Support Files/Pods-1weekPDCA-1weekPDCAUITests/Pods-1weekPDCA-1weekPDCAUITests-frameworks-${CONFIGURATION}-output-files.xcfilelist",
			);
			runOnlyForDeploymentPostprocessing = 0;
			shellPath = /bin/sh;
			shellScript = "\"${PODS_ROOT}/Target Support Files/Pods-1weekPDCA-1weekPDCAUITests/Pods-1weekPDCA-1weekPDCAUITests-frameworks.sh\"\n";
			showEnvVarsInLog = 0;
		};
		C8B6C0C7B56E1E97D4EBDFB5 /* [CP] Check Pods Manifest.lock */ = {
			isa = PBXShellScriptBuildPhase;
			buildActionMask = 2147483647;
			files = (
			);
			inputFileListPaths = (
			);
			inputPaths = (
				"${PODS_PODFILE_DIR_PATH}/Podfile.lock",
				"${PODS_ROOT}/Manifest.lock",
			);
			name = "[CP] Check Pods Manifest.lock";
			outputFileListPaths = (
			);
			outputPaths = (
				"$(DERIVED_FILE_DIR)/Pods-1weekPDCA-1weekPDCAUITests-checkManifestLockResult.txt",
			);
			runOnlyForDeploymentPostprocessing = 0;
			shellPath = /bin/sh;
			shellScript = "diff \"${PODS_PODFILE_DIR_PATH}/Podfile.lock\" \"${PODS_ROOT}/Manifest.lock\" > /dev/null\nif [ $? != 0 ] ; then\n    # print error to STDERR\n    echo \"error: The sandbox is not in sync with the Podfile.lock. Run 'pod install' or update your CocoaPods installation.\" >&2\n    exit 1\nfi\n# This output is used by Xcode 'outputs' to avoid re-running this script phase.\necho \"SUCCESS\" > \"${SCRIPT_OUTPUT_FILE_0}\"\n";
			showEnvVarsInLog = 0;
		};
		D2FBB5D268D117C567836ECC /* [CP] Embed Pods Frameworks */ = {
			isa = PBXShellScriptBuildPhase;
			buildActionMask = 2147483647;
			files = (
			);
			inputFileListPaths = (
				"${PODS_ROOT}/Target Support Files/Pods-1weekPDCA/Pods-1weekPDCA-frameworks-${CONFIGURATION}-input-files.xcfilelist",
			);
			name = "[CP] Embed Pods Frameworks";
			outputFileListPaths = (
				"${PODS_ROOT}/Target Support Files/Pods-1weekPDCA/Pods-1weekPDCA-frameworks-${CONFIGURATION}-output-files.xcfilelist",
			);
			runOnlyForDeploymentPostprocessing = 0;
			shellPath = /bin/sh;
			shellScript = "\"${PODS_ROOT}/Target Support Files/Pods-1weekPDCA/Pods-1weekPDCA-frameworks.sh\"\n";
			showEnvVarsInLog = 0;
		};
		E5668DFF39675B2B0C90468B /* [CP] Check Pods Manifest.lock */ = {
			isa = PBXShellScriptBuildPhase;
			buildActionMask = 2147483647;
			files = (
			);
			inputFileListPaths = (
			);
			inputPaths = (
				"${PODS_PODFILE_DIR_PATH}/Podfile.lock",
				"${PODS_ROOT}/Manifest.lock",
			);
			name = "[CP] Check Pods Manifest.lock";
			outputFileListPaths = (
			);
			outputPaths = (
				"$(DERIVED_FILE_DIR)/Pods-1weekPDCA-checkManifestLockResult.txt",
			);
			runOnlyForDeploymentPostprocessing = 0;
			shellPath = /bin/sh;
			shellScript = "diff \"${PODS_PODFILE_DIR_PATH}/Podfile.lock\" \"${PODS_ROOT}/Manifest.lock\" > /dev/null\nif [ $? != 0 ] ; then\n    # print error to STDERR\n    echo \"error: The sandbox is not in sync with the Podfile.lock. Run 'pod install' or update your CocoaPods installation.\" >&2\n    exit 1\nfi\n# This output is used by Xcode 'outputs' to avoid re-running this script phase.\necho \"SUCCESS\" > \"${SCRIPT_OUTPUT_FILE_0}\"\n";
			showEnvVarsInLog = 0;
		};
/* End PBXShellScriptBuildPhase section */

/* Begin PBXSourcesBuildPhase section */
		5CA6AC0B298799D1004AE124 /* Sources */ = {
			isa = PBXSourcesBuildPhase;
			buildActionMask = 2147483647;
			files = (
				5C4B8CF02994CE4800B6348E /* ColorExtension.swift in Sources */,
				5CA6AC15298799D1004AE124 /* ContentView.swift in Sources */,
				5C62FE7229922EE70046A41F /* theme.swift in Sources */,
				5C24155B299A2DCE00259CEB /* PlanDo.swift in Sources */,
				5C62FE7029922A640046A41F /* BottomBar.swift in Sources */,
				5C4B8CED2994ADE100B6348E /* tabBar_model.swift in Sources */,
				5CA6AC13298799D1004AE124 /* Main.swift in Sources */,
			);
			runOnlyForDeploymentPostprocessing = 0;
		};
		5CA6AC1B298799D5004AE124 /* Sources */ = {
			isa = PBXSourcesBuildPhase;
			buildActionMask = 2147483647;
			files = (
				5CA6AC24298799D5004AE124 /* _weekPDCATests.swift in Sources */,
			);
			runOnlyForDeploymentPostprocessing = 0;
		};
		5CA6AC25298799D5004AE124 /* Sources */ = {
			isa = PBXSourcesBuildPhase;
			buildActionMask = 2147483647;
			files = (
				5CA6AC30298799D5004AE124 /* _weekPDCAUITestsLaunchTests.swift in Sources */,
				5CA6AC2E298799D5004AE124 /* _weekPDCAUITests.swift in Sources */,
			);
			runOnlyForDeploymentPostprocessing = 0;
		};
/* End PBXSourcesBuildPhase section */

/* Begin PBXTargetDependency section */
		5CA6AC21298799D5004AE124 /* PBXTargetDependency */ = {
			isa = PBXTargetDependency;
			target = 5CA6AC0E298799D1004AE124 /* 1weekPDCA */;
			targetProxy = 5CA6AC20298799D5004AE124 /* PBXContainerItemProxy */;
		};
		5CA6AC2B298799D5004AE124 /* PBXTargetDependency */ = {
			isa = PBXTargetDependency;
			target = 5CA6AC0E298799D1004AE124 /* 1weekPDCA */;
			targetProxy = 5CA6AC2A298799D5004AE124 /* PBXContainerItemProxy */;
		};
/* End PBXTargetDependency section */

/* Begin XCBuildConfiguration section */
		5CA6AC31298799D5004AE124 /* Debug */ = {
			isa = XCBuildConfiguration;
			buildSettings = {
				ALWAYS_SEARCH_USER_PATHS = NO;
				CLANG_ANALYZER_NONNULL = YES;
				CLANG_ANALYZER_NUMBER_OBJECT_CONVERSION = YES_AGGRESSIVE;
				CLANG_CXX_LANGUAGE_STANDARD = "gnu++20";
				CLANG_ENABLE_MODULES = YES;
				CLANG_ENABLE_OBJC_ARC = YES;
				CLANG_ENABLE_OBJC_WEAK = YES;
				CLANG_WARN_BLOCK_CAPTURE_AUTORELEASING = YES;
				CLANG_WARN_BOOL_CONVERSION = YES;
				CLANG_WARN_COMMA = YES;
				CLANG_WARN_CONSTANT_CONVERSION = YES;
				CLANG_WARN_DEPRECATED_OBJC_IMPLEMENTATIONS = YES;
				CLANG_WARN_DIRECT_OBJC_ISA_USAGE = YES_ERROR;
				CLANG_WARN_DOCUMENTATION_COMMENTS = YES;
				CLANG_WARN_EMPTY_BODY = YES;
				CLANG_WARN_ENUM_CONVERSION = YES;
				CLANG_WARN_INFINITE_RECURSION = YES;
				CLANG_WARN_INT_CONVERSION = YES;
				CLANG_WARN_NON_LITERAL_NULL_CONVERSION = YES;
				CLANG_WARN_OBJC_IMPLICIT_RETAIN_SELF = YES;
				CLANG_WARN_OBJC_LITERAL_CONVERSION = YES;
				CLANG_WARN_OBJC_ROOT_CLASS = YES_ERROR;
				CLANG_WARN_QUOTED_INCLUDE_IN_FRAMEWORK_HEADER = YES;
				CLANG_WARN_RANGE_LOOP_ANALYSIS = YES;
				CLANG_WARN_STRICT_PROTOTYPES = YES;
				CLANG_WARN_SUSPICIOUS_MOVE = YES;
				CLANG_WARN_UNGUARDED_AVAILABILITY = YES_AGGRESSIVE;
				CLANG_WARN_UNREACHABLE_CODE = YES;
				CLANG_WARN__DUPLICATE_METHOD_MATCH = YES;
				COPY_PHASE_STRIP = NO;
				DEBUG_INFORMATION_FORMAT = dwarf;
				ENABLE_STRICT_OBJC_MSGSEND = YES;
				ENABLE_TESTABILITY = YES;
				GCC_C_LANGUAGE_STANDARD = gnu11;
				GCC_DYNAMIC_NO_PIC = NO;
				GCC_NO_COMMON_BLOCKS = YES;
				GCC_OPTIMIZATION_LEVEL = 0;
				GCC_PREPROCESSOR_DEFINITIONS = (
					"DEBUG=1",
					"$(inherited)",
				);
				GCC_WARN_64_TO_32_BIT_CONVERSION = YES;
				GCC_WARN_ABOUT_RETURN_TYPE = YES_ERROR;
				GCC_WARN_UNDECLARED_SELECTOR = YES;
				GCC_WARN_UNINITIALIZED_AUTOS = YES_AGGRESSIVE;
				GCC_WARN_UNUSED_FUNCTION = YES;
				GCC_WARN_UNUSED_VARIABLE = YES;
				IPHONEOS_DEPLOYMENT_TARGET = 16.2;
				MTL_ENABLE_DEBUG_INFO = INCLUDE_SOURCE;
				MTL_FAST_MATH = YES;
				ONLY_ACTIVE_ARCH = YES;
				SDKROOT = iphoneos;
				SWIFT_ACTIVE_COMPILATION_CONDITIONS = DEBUG;
				SWIFT_OPTIMIZATION_LEVEL = "-Onone";
			};
			name = Debug;
		};
		5CA6AC32298799D5004AE124 /* Release */ = {
			isa = XCBuildConfiguration;
			buildSettings = {
				ALWAYS_SEARCH_USER_PATHS = NO;
				CLANG_ANALYZER_NONNULL = YES;
				CLANG_ANALYZER_NUMBER_OBJECT_CONVERSION = YES_AGGRESSIVE;
				CLANG_CXX_LANGUAGE_STANDARD = "gnu++20";
				CLANG_ENABLE_MODULES = YES;
				CLANG_ENABLE_OBJC_ARC = YES;
				CLANG_ENABLE_OBJC_WEAK = YES;
				CLANG_WARN_BLOCK_CAPTURE_AUTORELEASING = YES;
				CLANG_WARN_BOOL_CONVERSION = YES;
				CLANG_WARN_COMMA = YES;
				CLANG_WARN_CONSTANT_CONVERSION = YES;
				CLANG_WARN_DEPRECATED_OBJC_IMPLEMENTATIONS = YES;
				CLANG_WARN_DIRECT_OBJC_ISA_USAGE = YES_ERROR;
				CLANG_WARN_DOCUMENTATION_COMMENTS = YES;
				CLANG_WARN_EMPTY_BODY = YES;
				CLANG_WARN_ENUM_CONVERSION = YES;
				CLANG_WARN_INFINITE_RECURSION = YES;
				CLANG_WARN_INT_CONVERSION = YES;
				CLANG_WARN_NON_LITERAL_NULL_CONVERSION = YES;
				CLANG_WARN_OBJC_IMPLICIT_RETAIN_SELF = YES;
				CLANG_WARN_OBJC_LITERAL_CONVERSION = YES;
				CLANG_WARN_OBJC_ROOT_CLASS = YES_ERROR;
				CLANG_WARN_QUOTED_INCLUDE_IN_FRAMEWORK_HEADER = YES;
				CLANG_WARN_RANGE_LOOP_ANALYSIS = YES;
				CLANG_WARN_STRICT_PROTOTYPES = YES;
				CLANG_WARN_SUSPICIOUS_MOVE = YES;
				CLANG_WARN_UNGUARDED_AVAILABILITY = YES_AGGRESSIVE;
				CLANG_WARN_UNREACHABLE_CODE = YES;
				CLANG_WARN__DUPLICATE_METHOD_MATCH = YES;
				COPY_PHASE_STRIP = NO;
				DEBUG_INFORMATION_FORMAT = "dwarf-with-dsym";
				ENABLE_NS_ASSERTIONS = NO;
				ENABLE_STRICT_OBJC_MSGSEND = YES;
				GCC_C_LANGUAGE_STANDARD = gnu11;
				GCC_NO_COMMON_BLOCKS = YES;
				GCC_WARN_64_TO_32_BIT_CONVERSION = YES;
				GCC_WARN_ABOUT_RETURN_TYPE = YES_ERROR;
				GCC_WARN_UNDECLARED_SELECTOR = YES;
				GCC_WARN_UNINITIALIZED_AUTOS = YES_AGGRESSIVE;
				GCC_WARN_UNUSED_FUNCTION = YES;
				GCC_WARN_UNUSED_VARIABLE = YES;
				IPHONEOS_DEPLOYMENT_TARGET = 16.2;
				MTL_ENABLE_DEBUG_INFO = NO;
				MTL_FAST_MATH = YES;
				SDKROOT = iphoneos;
				SWIFT_COMPILATION_MODE = wholemodule;
				SWIFT_OPTIMIZATION_LEVEL = "-O";
				VALIDATE_PRODUCT = YES;
			};
			name = Release;
		};
		5CA6AC34298799D5004AE124 /* Debug */ = {
			isa = XCBuildConfiguration;
			baseConfigurationReference = F9FD94932A614A4D48A7E067 /* Pods-1weekPDCA.debug.xcconfig */;
			buildSettings = {
				ASSETCATALOG_COMPILER_APPICON_NAME = AppIcon;
				ASSETCATALOG_COMPILER_GLOBAL_ACCENT_COLOR_NAME = AccentColor;
				CODE_SIGN_STYLE = Automatic;
				CURRENT_PROJECT_VERSION = 1;
				DEVELOPMENT_ASSET_PATHS = "\"1weekPDCA/Preview Content\"";
				DEVELOPMENT_TEAM = K8B9SC8BT3;
				ENABLE_PREVIEWS = YES;
				GENERATE_INFOPLIST_FILE = YES;
				INFOPLIST_KEY_UIApplicationSceneManifest_Generation = YES;
				INFOPLIST_KEY_UIApplicationSupportsIndirectInputEvents = YES;
				INFOPLIST_KEY_UILaunchScreen_Generation = YES;
				INFOPLIST_KEY_UISupportedInterfaceOrientations_iPad = "UIInterfaceOrientationPortrait UIInterfaceOrientationPortraitUpsideDown UIInterfaceOrientationLandscapeLeft UIInterfaceOrientationLandscapeRight";
				INFOPLIST_KEY_UISupportedInterfaceOrientations_iPhone = "UIInterfaceOrientationPortrait UIInterfaceOrientationLandscapeLeft UIInterfaceOrientationLandscapeRight";
				LD_RUNPATH_SEARCH_PATHS = (
					"$(inherited)",
					"@executable_path/Frameworks",
				);
				MARKETING_VERSION = 1.0;
				PRODUCT_BUNDLE_IDENTIFIER = "com.k-saito-en.-weekPDCA";
				PRODUCT_NAME = "$(TARGET_NAME)";
				SWIFT_EMIT_LOC_STRINGS = YES;
				SWIFT_VERSION = 5.0;
				TARGETED_DEVICE_FAMILY = "1,2";
			};
			name = Debug;
		};
		5CA6AC35298799D5004AE124 /* Release */ = {
			isa = XCBuildConfiguration;
			baseConfigurationReference = 3D63D9445BED265BCCE36233 /* Pods-1weekPDCA.release.xcconfig */;
			buildSettings = {
				ASSETCATALOG_COMPILER_APPICON_NAME = AppIcon;
				ASSETCATALOG_COMPILER_GLOBAL_ACCENT_COLOR_NAME = AccentColor;
				CODE_SIGN_STYLE = Automatic;
				CURRENT_PROJECT_VERSION = 1;
				DEVELOPMENT_ASSET_PATHS = "\"1weekPDCA/Preview Content\"";
				DEVELOPMENT_TEAM = K8B9SC8BT3;
				ENABLE_PREVIEWS = YES;
				GENERATE_INFOPLIST_FILE = YES;
				INFOPLIST_KEY_UIApplicationSceneManifest_Generation = YES;
				INFOPLIST_KEY_UIApplicationSupportsIndirectInputEvents = YES;
				INFOPLIST_KEY_UILaunchScreen_Generation = YES;
				INFOPLIST_KEY_UISupportedInterfaceOrientations_iPad = "UIInterfaceOrientationPortrait UIInterfaceOrientationPortraitUpsideDown UIInterfaceOrientationLandscapeLeft UIInterfaceOrientationLandscapeRight";
				INFOPLIST_KEY_UISupportedInterfaceOrientations_iPhone = "UIInterfaceOrientationPortrait UIInterfaceOrientationLandscapeLeft UIInterfaceOrientationLandscapeRight";
				LD_RUNPATH_SEARCH_PATHS = (
					"$(inherited)",
					"@executable_path/Frameworks",
				);
				MARKETING_VERSION = 1.0;
				PRODUCT_BUNDLE_IDENTIFIER = "com.k-saito-en.-weekPDCA";
				PRODUCT_NAME = "$(TARGET_NAME)";
				SWIFT_EMIT_LOC_STRINGS = YES;
				SWIFT_VERSION = 5.0;
				TARGETED_DEVICE_FAMILY = "1,2";
			};
			name = Release;
		};
		5CA6AC37298799D5004AE124 /* Debug */ = {
			isa = XCBuildConfiguration;
			baseConfigurationReference = E55A53642C0FD13C5F2E06A5 /* Pods-1weekPDCATests.debug.xcconfig */;
			buildSettings = {
				ALWAYS_EMBED_SWIFT_STANDARD_LIBRARIES = YES;
				BUNDLE_LOADER = "$(TEST_HOST)";
				CODE_SIGN_STYLE = Automatic;
				CURRENT_PROJECT_VERSION = 1;
				DEVELOPMENT_TEAM = K8B9SC8BT3;
				GENERATE_INFOPLIST_FILE = YES;
				IPHONEOS_DEPLOYMENT_TARGET = 16.2;
				MARKETING_VERSION = 1.0;
				PRODUCT_BUNDLE_IDENTIFIER = "com.k-saito-en.-weekPDCATests";
				PRODUCT_NAME = "$(TARGET_NAME)";
				SWIFT_EMIT_LOC_STRINGS = NO;
				SWIFT_VERSION = 5.0;
				TARGETED_DEVICE_FAMILY = "1,2";
				TEST_HOST = "$(BUILT_PRODUCTS_DIR)/1weekPDCA.app/$(BUNDLE_EXECUTABLE_FOLDER_PATH)/1weekPDCA";
			};
			name = Debug;
		};
		5CA6AC38298799D5004AE124 /* Release */ = {
			isa = XCBuildConfiguration;
			baseConfigurationReference = 136F24161732E7EECCA00C16 /* Pods-1weekPDCATests.release.xcconfig */;
			buildSettings = {
				ALWAYS_EMBED_SWIFT_STANDARD_LIBRARIES = YES;
				BUNDLE_LOADER = "$(TEST_HOST)";
				CODE_SIGN_STYLE = Automatic;
				CURRENT_PROJECT_VERSION = 1;
				DEVELOPMENT_TEAM = K8B9SC8BT3;
				GENERATE_INFOPLIST_FILE = YES;
				IPHONEOS_DEPLOYMENT_TARGET = 16.2;
				MARKETING_VERSION = 1.0;
				PRODUCT_BUNDLE_IDENTIFIER = "com.k-saito-en.-weekPDCATests";
				PRODUCT_NAME = "$(TARGET_NAME)";
				SWIFT_EMIT_LOC_STRINGS = NO;
				SWIFT_VERSION = 5.0;
				TARGETED_DEVICE_FAMILY = "1,2";
				TEST_HOST = "$(BUILT_PRODUCTS_DIR)/1weekPDCA.app/$(BUNDLE_EXECUTABLE_FOLDER_PATH)/1weekPDCA";
			};
			name = Release;
		};
		5CA6AC3A298799D5004AE124 /* Debug */ = {
			isa = XCBuildConfiguration;
			baseConfigurationReference = 0B637DC2E66FE9E2794BBF9B /* Pods-1weekPDCA-1weekPDCAUITests.debug.xcconfig */;
			buildSettings = {
				ALWAYS_EMBED_SWIFT_STANDARD_LIBRARIES = YES;
				CODE_SIGN_STYLE = Automatic;
				CURRENT_PROJECT_VERSION = 1;
				DEVELOPMENT_TEAM = K8B9SC8BT3;
				GENERATE_INFOPLIST_FILE = YES;
				MARKETING_VERSION = 1.0;
				PRODUCT_BUNDLE_IDENTIFIER = "com.k-saito-en.-weekPDCAUITests";
				PRODUCT_NAME = "$(TARGET_NAME)";
				SWIFT_EMIT_LOC_STRINGS = NO;
				SWIFT_VERSION = 5.0;
				TARGETED_DEVICE_FAMILY = "1,2";
				TEST_TARGET_NAME = 1weekPDCA;
			};
			name = Debug;
		};
		5CA6AC3B298799D5004AE124 /* Release */ = {
			isa = XCBuildConfiguration;
			baseConfigurationReference = C1CF9F19683F51CBDD78888F /* Pods-1weekPDCA-1weekPDCAUITests.release.xcconfig */;
			buildSettings = {
				ALWAYS_EMBED_SWIFT_STANDARD_LIBRARIES = YES;
				CODE_SIGN_STYLE = Automatic;
				CURRENT_PROJECT_VERSION = 1;
				DEVELOPMENT_TEAM = K8B9SC8BT3;
				GENERATE_INFOPLIST_FILE = YES;
				MARKETING_VERSION = 1.0;
				PRODUCT_BUNDLE_IDENTIFIER = "com.k-saito-en.-weekPDCAUITests";
				PRODUCT_NAME = "$(TARGET_NAME)";
				SWIFT_EMIT_LOC_STRINGS = NO;
				SWIFT_VERSION = 5.0;
				TARGETED_DEVICE_FAMILY = "1,2";
				TEST_TARGET_NAME = 1weekPDCA;
			};
			name = Release;
		};
/* End XCBuildConfiguration section */

/* Begin XCConfigurationList section */
		5CA6AC0A298799D1004AE124 /* Build configuration list for PBXProject "1weekPDCA" */ = {
			isa = XCConfigurationList;
			buildConfigurations = (
				5CA6AC31298799D5004AE124 /* Debug */,
				5CA6AC32298799D5004AE124 /* Release */,
			);
			defaultConfigurationIsVisible = 0;
			defaultConfigurationName = Release;
		};
		5CA6AC33298799D5004AE124 /* Build configuration list for PBXNativeTarget "1weekPDCA" */ = {
			isa = XCConfigurationList;
			buildConfigurations = (
				5CA6AC34298799D5004AE124 /* Debug */,
				5CA6AC35298799D5004AE124 /* Release */,
			);
			defaultConfigurationIsVisible = 0;
			defaultConfigurationName = Release;
		};
		5CA6AC36298799D5004AE124 /* Build configuration list for PBXNativeTarget "1weekPDCATests" */ = {
			isa = XCConfigurationList;
			buildConfigurations = (
				5CA6AC37298799D5004AE124 /* Debug */,
				5CA6AC38298799D5004AE124 /* Release */,
			);
			defaultConfigurationIsVisible = 0;
			defaultConfigurationName = Release;
		};
		5CA6AC39298799D5004AE124 /* Build configuration list for PBXNativeTarget "1weekPDCAUITests" */ = {
			isa = XCConfigurationList;
			buildConfigurations = (
				5CA6AC3A298799D5004AE124 /* Debug */,
				5CA6AC3B298799D5004AE124 /* Release */,
			);
			defaultConfigurationIsVisible = 0;
			defaultConfigurationName = Release;
		};
/* End XCConfigurationList section */
	};
	rootObject = 5CA6AC07298799D1004AE124 /* Project object */;
}
