// !$*UTF8*$!
{
	archiveVersion = 1;
	classes = {
	};
	objectVersion = 56;
	objects = {

/* Begin PBXBuildFile section */
		3844900454EEF833C1FE37BF /* Pods_1weekPDCA_UnitTests.framework in Frameworks */ = {isa = PBXBuildFile; fileRef = 074E78C8B0CCF3D8545BA17F /* Pods_1weekPDCA_UnitTests.framework */; };
		5C24155B299A2DCE00259CEB /* PlanDo.swift in Sources */ = {isa = PBXBuildFile; fileRef = 5C24155A299A2DCE00259CEB /* PlanDo.swift */; };
		5C32275B29A14D6000498F2D /* ColorUtils.swift in Sources */ = {isa = PBXBuildFile; fileRef = 5C32275A29A14D6000498F2D /* ColorUtils.swift */; };
		5C32275D29A14DE600498F2D /* DateTimeUtils.swift in Sources */ = {isa = PBXBuildFile; fileRef = 5C32275C29A14DE600498F2D /* DateTimeUtils.swift */; };
		5C4B8CED2994ADE100B6348E /* TabBar_model.swift in Sources */ = {isa = PBXBuildFile; fileRef = 5C4B8CEC2994ADE100B6348E /* TabBar_model.swift */; };
		5C4B8CF02994CE4800B6348E /* ColorStyle.swift in Sources */ = {isa = PBXBuildFile; fileRef = 5C4B8CEF2994CE4800B6348E /* ColorStyle.swift */; };
		5C5EC4A429A640D8006D5D65 /* PlanDo_Unittest.swift in Sources */ = {isa = PBXBuildFile; fileRef = 5C5EC4A329A640D8006D5D65 /* PlanDo_Unittest.swift */; };
		5C62FE7029922A640046A41F /* BottomBar.swift in Sources */ = {isa = PBXBuildFile; fileRef = 5C62FE6F29922A640046A41F /* BottomBar.swift */; };
		5C62FE7229922EE70046A41F /* TextStyle.swift in Sources */ = {isa = PBXBuildFile; fileRef = 5C62FE7129922EE70046A41F /* TextStyle.swift */; };
		5C68C427299B63C8005FE6E2 /* CardView.swift in Sources */ = {isa = PBXBuildFile; fileRef = 5C68C426299B63C8005FE6E2 /* CardView.swift */; };
		5CA6AC13298799D1004AE124 /* Main.swift in Sources */ = {isa = PBXBuildFile; fileRef = 5CA6AC12298799D1004AE124 /* Main.swift */; };
		5CA6AC17298799D5004AE124 /* Assets.xcassets in Resources */ = {isa = PBXBuildFile; fileRef = 5CA6AC16298799D5004AE124 /* Assets.xcassets */; };
		5CA6AC1A298799D5004AE124 /* Preview Assets.xcassets in Resources */ = {isa = PBXBuildFile; fileRef = 5CA6AC19298799D5004AE124 /* Preview Assets.xcassets */; };
		5CBAF8FD29A4982F0019FC5C /* TaskCardManager.swift in Sources */ = {isa = PBXBuildFile; fileRef = 5CBAF8FC29A4982F0019FC5C /* TaskCardManager.swift */; };
		5CBAF8FF29A499090019FC5C /* CalculateProgressUtils.swift in Sources */ = {isa = PBXBuildFile; fileRef = 5CBAF8FE29A499090019FC5C /* CalculateProgressUtils.swift */; };
		5CDAF58229A7087C00A9D289 /* ViewInspector in Frameworks */ = {isa = PBXBuildFile; productRef = 5CDAF58129A7087C00A9D289 /* ViewInspector */; };
		F7E21F7ECC8A88DCE682F3B1 /* Pods_1weekPDCA.framework in Frameworks */ = {isa = PBXBuildFile; fileRef = 8E491695012959E3D3B9CC5E /* Pods_1weekPDCA.framework */; };
/* End PBXBuildFile section */

/* Begin PBXContainerItemProxy section */
		5C5EC4A529A640D8006D5D65 /* PBXContainerItemProxy */ = {
			isa = PBXContainerItemProxy;
			containerPortal = 5CA6AC07298799D1004AE124 /* Project object */;
			proxyType = 1;
			remoteGlobalIDString = 5CA6AC0E298799D1004AE124;
			remoteInfo = 1weekPDCA;
		};
/* End PBXContainerItemProxy section */

/* Begin PBXFileReference section */
		0141AB8D21D71AA947F83176 /* Pods-1weekPDCA_UnitTests.release.xcconfig */ = {isa = PBXFileReference; includeInIndex = 1; lastKnownFileType = text.xcconfig; name = "Pods-1weekPDCA_UnitTests.release.xcconfig"; path = "Target Support Files/Pods-1weekPDCA_UnitTests/Pods-1weekPDCA_UnitTests.release.xcconfig"; sourceTree = "<group>"; };
		066E9E9530888081ABB7CF48 /* Pods-1weekPDCA_UnitTests.debug.xcconfig */ = {isa = PBXFileReference; includeInIndex = 1; lastKnownFileType = text.xcconfig; name = "Pods-1weekPDCA_UnitTests.debug.xcconfig"; path = "Target Support Files/Pods-1weekPDCA_UnitTests/Pods-1weekPDCA_UnitTests.debug.xcconfig"; sourceTree = "<group>"; };
		074E78C8B0CCF3D8545BA17F /* Pods_1weekPDCA_UnitTests.framework */ = {isa = PBXFileReference; explicitFileType = wrapper.framework; includeInIndex = 0; path = Pods_1weekPDCA_UnitTests.framework; sourceTree = BUILT_PRODUCTS_DIR; };
		0B637DC2E66FE9E2794BBF9B /* Pods-1weekPDCA-1weekPDCAUITests.debug.xcconfig */ = {isa = PBXFileReference; includeInIndex = 1; lastKnownFileType = text.xcconfig; name = "Pods-1weekPDCA-1weekPDCAUITests.debug.xcconfig"; path = "Target Support Files/Pods-1weekPDCA-1weekPDCAUITests/Pods-1weekPDCA-1weekPDCAUITests.debug.xcconfig"; sourceTree = "<group>"; };
		136F24161732E7EECCA00C16 /* Pods-1weekPDCATests.release.xcconfig */ = {isa = PBXFileReference; includeInIndex = 1; lastKnownFileType = text.xcconfig; name = "Pods-1weekPDCATests.release.xcconfig"; path = "Target Support Files/Pods-1weekPDCATests/Pods-1weekPDCATests.release.xcconfig"; sourceTree = "<group>"; };
		360C89A90F466F1B3063CE05 /* Pods_1weekPDCA_1weekPDCAUITests.framework */ = {isa = PBXFileReference; explicitFileType = wrapper.framework; includeInIndex = 0; path = Pods_1weekPDCA_1weekPDCAUITests.framework; sourceTree = BUILT_PRODUCTS_DIR; };
		3D63D9445BED265BCCE36233 /* Pods-1weekPDCA.release.xcconfig */ = {isa = PBXFileReference; includeInIndex = 1; lastKnownFileType = text.xcconfig; name = "Pods-1weekPDCA.release.xcconfig"; path = "Target Support Files/Pods-1weekPDCA/Pods-1weekPDCA.release.xcconfig"; sourceTree = "<group>"; };
		5C24155A299A2DCE00259CEB /* PlanDo.swift */ = {isa = PBXFileReference; lastKnownFileType = sourcecode.swift; path = PlanDo.swift; sourceTree = "<group>"; };
		5C32275A29A14D6000498F2D /* ColorUtils.swift */ = {isa = PBXFileReference; lastKnownFileType = sourcecode.swift; path = ColorUtils.swift; sourceTree = "<group>"; };
		5C32275C29A14DE600498F2D /* DateTimeUtils.swift */ = {isa = PBXFileReference; lastKnownFileType = sourcecode.swift; path = DateTimeUtils.swift; sourceTree = "<group>"; };
		5C4B8CEC2994ADE100B6348E /* TabBar_model.swift */ = {isa = PBXFileReference; lastKnownFileType = sourcecode.swift; path = TabBar_model.swift; sourceTree = "<group>"; };
		5C4B8CEF2994CE4800B6348E /* ColorStyle.swift */ = {isa = PBXFileReference; lastKnownFileType = sourcecode.swift; path = ColorStyle.swift; sourceTree = "<group>"; };
		5C5EC4A129A640D8006D5D65 /* 1weekPDCA_UnitTests.xctest */ = {isa = PBXFileReference; explicitFileType = wrapper.cfbundle; includeInIndex = 0; path = 1weekPDCA_UnitTests.xctest; sourceTree = BUILT_PRODUCTS_DIR; };
		5C5EC4A329A640D8006D5D65 /* PlanDo_Unittest.swift */ = {isa = PBXFileReference; lastKnownFileType = sourcecode.swift; path = PlanDo_Unittest.swift; sourceTree = "<group>"; };
		5C62FE6F29922A640046A41F /* BottomBar.swift */ = {isa = PBXFileReference; lastKnownFileType = sourcecode.swift; path = BottomBar.swift; sourceTree = "<group>"; };
		5C62FE7129922EE70046A41F /* TextStyle.swift */ = {isa = PBXFileReference; lastKnownFileType = sourcecode.swift; path = TextStyle.swift; sourceTree = "<group>"; };
		5C68C426299B63C8005FE6E2 /* CardView.swift */ = {isa = PBXFileReference; lastKnownFileType = sourcecode.swift; path = CardView.swift; sourceTree = "<group>"; };
		5CA6AC0F298799D1004AE124 /* 1weekPDCA.app */ = {isa = PBXFileReference; explicitFileType = wrapper.application; includeInIndex = 0; path = 1weekPDCA.app; sourceTree = BUILT_PRODUCTS_DIR; };
		5CA6AC12298799D1004AE124 /* Main.swift */ = {isa = PBXFileReference; lastKnownFileType = sourcecode.swift; path = Main.swift; sourceTree = "<group>"; };
		5CA6AC16298799D5004AE124 /* Assets.xcassets */ = {isa = PBXFileReference; lastKnownFileType = folder.assetcatalog; path = Assets.xcassets; sourceTree = "<group>"; };
		5CA6AC19298799D5004AE124 /* Preview Assets.xcassets */ = {isa = PBXFileReference; lastKnownFileType = folder.assetcatalog; path = "Preview Assets.xcassets"; sourceTree = "<group>"; };
		5CBAF8FC29A4982F0019FC5C /* TaskCardManager.swift */ = {isa = PBXFileReference; lastKnownFileType = sourcecode.swift; path = TaskCardManager.swift; sourceTree = "<group>"; };
		5CBAF8FE29A499090019FC5C /* CalculateProgressUtils.swift */ = {isa = PBXFileReference; lastKnownFileType = sourcecode.swift; path = CalculateProgressUtils.swift; sourceTree = "<group>"; };
		8E491695012959E3D3B9CC5E /* Pods_1weekPDCA.framework */ = {isa = PBXFileReference; explicitFileType = wrapper.framework; includeInIndex = 0; path = Pods_1weekPDCA.framework; sourceTree = BUILT_PRODUCTS_DIR; };
		9DDD826369EB587B96C4BC50 /* Pods_1weekPDCATests.framework */ = {isa = PBXFileReference; explicitFileType = wrapper.framework; includeInIndex = 0; path = Pods_1weekPDCATests.framework; sourceTree = BUILT_PRODUCTS_DIR; };
		C1CF9F19683F51CBDD78888F /* Pods-1weekPDCA-1weekPDCAUITests.release.xcconfig */ = {isa = PBXFileReference; includeInIndex = 1; lastKnownFileType = text.xcconfig; name = "Pods-1weekPDCA-1weekPDCAUITests.release.xcconfig"; path = "Target Support Files/Pods-1weekPDCA-1weekPDCAUITests/Pods-1weekPDCA-1weekPDCAUITests.release.xcconfig"; sourceTree = "<group>"; };
		E55A53642C0FD13C5F2E06A5 /* Pods-1weekPDCATests.debug.xcconfig */ = {isa = PBXFileReference; includeInIndex = 1; lastKnownFileType = text.xcconfig; name = "Pods-1weekPDCATests.debug.xcconfig"; path = "Target Support Files/Pods-1weekPDCATests/Pods-1weekPDCATests.debug.xcconfig"; sourceTree = "<group>"; };
		F9FD94932A614A4D48A7E067 /* Pods-1weekPDCA.debug.xcconfig */ = {isa = PBXFileReference; includeInIndex = 1; lastKnownFileType = text.xcconfig; name = "Pods-1weekPDCA.debug.xcconfig"; path = "Target Support Files/Pods-1weekPDCA/Pods-1weekPDCA.debug.xcconfig"; sourceTree = "<group>"; };
/* End PBXFileReference section */

/* Begin PBXFrameworksBuildPhase section */
		5C5EC49E29A640D8006D5D65 /* Frameworks */ = {
			isa = PBXFrameworksBuildPhase;
			buildActionMask = 2147483647;
			files = (
				5CDAF58229A7087C00A9D289 /* ViewInspector in Frameworks */,
				3844900454EEF833C1FE37BF /* Pods_1weekPDCA_UnitTests.framework in Frameworks */,
			);
			runOnlyForDeploymentPostprocessing = 0;
		};
		5CA6AC0C298799D1004AE124 /* Frameworks */ = {
			isa = PBXFrameworksBuildPhase;
			buildActionMask = 2147483647;
			files = (
				F7E21F7ECC8A88DCE682F3B1 /* Pods_1weekPDCA.framework in Frameworks */,
			);
			runOnlyForDeploymentPostprocessing = 0;
		};
/* End PBXFrameworksBuildPhase section */

/* Begin PBXGroup section */
		5C5EC4A229A640D8006D5D65 /* 1weekPDCA_UnitTests */ = {
			isa = PBXGroup;
			children = (
				5C5EC4A329A640D8006D5D65 /* PlanDo_Unittest.swift */,
			);
			path = 1weekPDCA_UnitTests;
			sourceTree = "<group>";
		};
		5C62FE6E2992299E0046A41F /* infrastructure */ = {
			isa = PBXGroup;
			children = (
			);
			path = infrastructure;
			sourceTree = "<group>";
		};
		5C86E3742987A0CB00AB639E /* application */ = {
			isa = PBXGroup;
			children = (
				5C32275C29A14DE600498F2D /* DateTimeUtils.swift */,
				5C32275A29A14D6000498F2D /* ColorUtils.swift */,
				5CBAF8FE29A499090019FC5C /* CalculateProgressUtils.swift */,
			);
			path = application;
			sourceTree = "<group>";
		};
		5C86E3752987A0E200AB639E /* domain */ = {
			isa = PBXGroup;
			children = (
				5C4B8CEC2994ADE100B6348E /* TabBar_model.swift */,
				5CBAF8FC29A4982F0019FC5C /* TaskCardManager.swift */,
			);
			path = domain;
			sourceTree = "<group>";
		};
		5C86E3762987A11100AB639E /* presentation */ = {
			isa = PBXGroup;
			children = (
				5CA6AC12298799D1004AE124 /* Main.swift */,
				5C68C426299B63C8005FE6E2 /* CardView.swift */,
				5C62FE6F29922A640046A41F /* BottomBar.swift */,
				5C24155A299A2DCE00259CEB /* PlanDo.swift */,
			);
			path = presentation;
			sourceTree = "<group>";
		};
		5CA6AC06298799D1004AE124 = {
			isa = PBXGroup;
			children = (
				5CA6AC16298799D5004AE124 /* Assets.xcassets */,
				5CA6AC11298799D1004AE124 /* 1weekPDCA */,
				5C5EC4A229A640D8006D5D65 /* 1weekPDCA_UnitTests */,
				5CA6AC10298799D1004AE124 /* Products */,
				C5CAE08D6D12F750F9755C61 /* Pods */,
				6BE6DD9A39A778B02EF972B6 /* Frameworks */,
			);
			sourceTree = "<group>";
		};
		5CA6AC10298799D1004AE124 /* Products */ = {
			isa = PBXGroup;
			children = (
				5CA6AC0F298799D1004AE124 /* 1weekPDCA.app */,
				5C5EC4A129A640D8006D5D65 /* 1weekPDCA_UnitTests.xctest */,
			);
			name = Products;
			sourceTree = "<group>";
		};
		5CA6AC11298799D1004AE124 /* 1weekPDCA */ = {
			isa = PBXGroup;
			children = (
				5CBAF90529A4A1D10019FC5C /* StyleSetting */,
				5C86E3762987A11100AB639E /* presentation */,
				5C86E3742987A0CB00AB639E /* application */,
				5C86E3752987A0E200AB639E /* domain */,
				5C62FE6E2992299E0046A41F /* infrastructure */,
				5CA6AC18298799D5004AE124 /* Preview Content */,
			);
			path = 1weekPDCA;
			sourceTree = "<group>";
		};
		5CA6AC18298799D5004AE124 /* Preview Content */ = {
			isa = PBXGroup;
			children = (
				5CA6AC19298799D5004AE124 /* Preview Assets.xcassets */,
			);
			path = "Preview Content";
			sourceTree = "<group>";
		};
		5CBAF90529A4A1D10019FC5C /* StyleSetting */ = {
			isa = PBXGroup;
			children = (
				5C4B8CEF2994CE4800B6348E /* ColorStyle.swift */,
				5C62FE7129922EE70046A41F /* TextStyle.swift */,
			);
			path = StyleSetting;
			sourceTree = "<group>";
		};
		6BE6DD9A39A778B02EF972B6 /* Frameworks */ = {
			isa = PBXGroup;
			children = (
				8E491695012959E3D3B9CC5E /* Pods_1weekPDCA.framework */,
				360C89A90F466F1B3063CE05 /* Pods_1weekPDCA_1weekPDCAUITests.framework */,
				9DDD826369EB587B96C4BC50 /* Pods_1weekPDCATests.framework */,
				074E78C8B0CCF3D8545BA17F /* Pods_1weekPDCA_UnitTests.framework */,
			);
			name = Frameworks;
			sourceTree = "<group>";
		};
		C5CAE08D6D12F750F9755C61 /* Pods */ = {
			isa = PBXGroup;
			children = (
				F9FD94932A614A4D48A7E067 /* Pods-1weekPDCA.debug.xcconfig */,
				3D63D9445BED265BCCE36233 /* Pods-1weekPDCA.release.xcconfig */,
				0B637DC2E66FE9E2794BBF9B /* Pods-1weekPDCA-1weekPDCAUITests.debug.xcconfig */,
				C1CF9F19683F51CBDD78888F /* Pods-1weekPDCA-1weekPDCAUITests.release.xcconfig */,
				E55A53642C0FD13C5F2E06A5 /* Pods-1weekPDCATests.debug.xcconfig */,
				136F24161732E7EECCA00C16 /* Pods-1weekPDCATests.release.xcconfig */,
				066E9E9530888081ABB7CF48 /* Pods-1weekPDCA_UnitTests.debug.xcconfig */,
				0141AB8D21D71AA947F83176 /* Pods-1weekPDCA_UnitTests.release.xcconfig */,
			);
			path = Pods;
			sourceTree = "<group>";
		};
/* End PBXGroup section */

/* Begin PBXNativeTarget section */
		5C5EC4A029A640D8006D5D65 /* 1weekPDCA_UnitTests */ = {
			isa = PBXNativeTarget;
			buildConfigurationList = 5C5EC4A729A640D8006D5D65 /* Build configuration list for PBXNativeTarget "1weekPDCA_UnitTests" */;
			buildPhases = (
				3E9D5C353C2231DC7B53BE91 /* [CP] Check Pods Manifest.lock */,
				5C5EC49D29A640D8006D5D65 /* Sources */,
				5C5EC49E29A640D8006D5D65 /* Frameworks */,
				5C5EC49F29A640D8006D5D65 /* Resources */,
			);
			buildRules = (
			);
			dependencies = (
				5C5EC4A629A640D8006D5D65 /* PBXTargetDependency */,
			);
			name = 1weekPDCA_UnitTests;
			packageProductDependencies = (
				5CDAF58129A7087C00A9D289 /* ViewInspector */,
			);
			productName = 1weekPDCA_UITests;
			productReference = 5C5EC4A129A640D8006D5D65 /* 1weekPDCA_UnitTests.xctest */;
			productType = "com.apple.product-type.bundle.unit-test";
		};
		5CA6AC0E298799D1004AE124 /* 1weekPDCA */ = {
			isa = PBXNativeTarget;
			buildConfigurationList = 5CA6AC33298799D5004AE124 /* Build configuration list for PBXNativeTarget "1weekPDCA" */;
			buildPhases = (
				E5668DFF39675B2B0C90468B /* [CP] Check Pods Manifest.lock */,
				5CA6AC0B298799D1004AE124 /* Sources */,
				5CA6AC0C298799D1004AE124 /* Frameworks */,
				5CA6AC0D298799D1004AE124 /* Resources */,
				3FC7E9B8C4834FB04C06B157 /* [CP] Embed Pods Frameworks */,
			);
			buildRules = (
			);
			dependencies = (
			);
			name = 1weekPDCA;
			productName = 1weekPDCA;
			productReference = 5CA6AC0F298799D1004AE124 /* 1weekPDCA.app */;
			productType = "com.apple.product-type.application";
		};
/* End PBXNativeTarget section */

/* Begin PBXProject section */
		5CA6AC07298799D1004AE124 /* Project object */ = {
			isa = PBXProject;
			attributes = {
				BuildIndependentTargetsInParallel = 1;
				LastSwiftUpdateCheck = 1420;
				LastUpgradeCheck = 1420;
				TargetAttributes = {
					5C5EC4A029A640D8006D5D65 = {
						CreatedOnToolsVersion = 14.2;
						TestTargetID = 5CA6AC0E298799D1004AE124;
					};
					5CA6AC0E298799D1004AE124 = {
						CreatedOnToolsVersion = 14.2;
					};
				};
			};
			buildConfigurationList = 5CA6AC0A298799D1004AE124 /* Build configuration list for PBXProject "1weekPDCA" */;
			compatibilityVersion = "Xcode 14.0";
			developmentRegion = en;
			hasScannedForEncodings = 0;
			knownRegions = (
				en,
				Base,
			);
			mainGroup = 5CA6AC06298799D1004AE124;
			packageReferences = (
				5CDAF58029A7087C00A9D289 /* XCRemoteSwiftPackageReference "ViewInspector" */,
			);
			productRefGroup = 5CA6AC10298799D1004AE124 /* Products */;
			projectDirPath = "";
			projectRoot = "";
			targets = (
				5CA6AC0E298799D1004AE124 /* 1weekPDCA */,
				5C5EC4A029A640D8006D5D65 /* 1weekPDCA_UnitTests */,
			);
		};
/* End PBXProject section */

/* Begin PBXResourcesBuildPhase section */
		5C5EC49F29A640D8006D5D65 /* Resources */ = {
			isa = PBXResourcesBuildPhase;
			buildActionMask = 2147483647;
			files = (
			);
			runOnlyForDeploymentPostprocessing = 0;
		};
		5CA6AC0D298799D1004AE124 /* Resources */ = {
			isa = PBXResourcesBuildPhase;
			buildActionMask = 2147483647;
			files = (
				5CA6AC1A298799D5004AE124 /* Preview Assets.xcassets in Resources */,
				5CA6AC17298799D5004AE124 /* Assets.xcassets in Resources */,
			);
			runOnlyForDeploymentPostprocessing = 0;
		};
/* End PBXResourcesBuildPhase section */

/* Begin PBXShellScriptBuildPhase section */
		3E9D5C353C2231DC7B53BE91 /* [CP] Check Pods Manifest.lock */ = {
			isa = PBXShellScriptBuildPhase;
			buildActionMask = 2147483647;
			files = (
			);
			inputFileListPaths = (
			);
			inputPaths = (
				"${PODS_PODFILE_DIR_PATH}/Podfile.lock",
				"${PODS_ROOT}/Manifest.lock",
			);
			name = "[CP] Check Pods Manifest.lock";
			outputFileListPaths = (
			);
			outputPaths = (
				"$(DERIVED_FILE_DIR)/Pods-1weekPDCA_UnitTests-checkManifestLockResult.txt",
			);
			runOnlyForDeploymentPostprocessing = 0;
			shellPath = /bin/sh;
			shellScript = "diff \"${PODS_PODFILE_DIR_PATH}/Podfile.lock\" \"${PODS_ROOT}/Manifest.lock\" > /dev/null\nif [ $? != 0 ] ; then\n    # print error to STDERR\n    echo \"error: The sandbox is not in sync with the Podfile.lock. Run 'pod install' or update your CocoaPods installation.\" >&2\n    exit 1\nfi\n# This output is used by Xcode 'outputs' to avoid re-running this script phase.\necho \"SUCCESS\" > \"${SCRIPT_OUTPUT_FILE_0}\"\n";
			showEnvVarsInLog = 0;
		};
		3FC7E9B8C4834FB04C06B157 /* [CP] Embed Pods Frameworks */ = {
			isa = PBXShellScriptBuildPhase;
			buildActionMask = 2147483647;
			files = (
			);
			inputFileListPaths = (
				"${PODS_ROOT}/Target Support Files/Pods-1weekPDCA/Pods-1weekPDCA-frameworks-${CONFIGURATION}-input-files.xcfilelist",
			);
			name = "[CP] Embed Pods Frameworks";
			outputFileListPaths = (
				"${PODS_ROOT}/Target Support Files/Pods-1weekPDCA/Pods-1weekPDCA-frameworks-${CONFIGURATION}-output-files.xcfilelist",
			);
			runOnlyForDeploymentPostprocessing = 0;
			shellPath = /bin/sh;
			shellScript = "\"${PODS_ROOT}/Target Support Files/Pods-1weekPDCA/Pods-1weekPDCA-frameworks.sh\"\n";
			showEnvVarsInLog = 0;
		};
		E5668DFF39675B2B0C90468B /* [CP] Check Pods Manifest.lock */ = {
			isa = PBXShellScriptBuildPhase;
			buildActionMask = 2147483647;
			files = (
			);
			inputFileListPaths = (
			);
			inputPaths = (
				"${PODS_PODFILE_DIR_PATH}/Podfile.lock",
				"${PODS_ROOT}/Manifest.lock",
			);
			name = "[CP] Check Pods Manifest.lock";
			outputFileListPaths = (
			);
			outputPaths = (
				"$(DERIVED_FILE_DIR)/Pods-1weekPDCA-checkManifestLockResult.txt",
			);
			runOnlyForDeploymentPostprocessing = 0;
			shellPath = /bin/sh;
			shellScript = "diff \"${PODS_PODFILE_DIR_PATH}/Podfile.lock\" \"${PODS_ROOT}/Manifest.lock\" > /dev/null\nif [ $? != 0 ] ; then\n    # print error to STDERR\n    echo \"error: The sandbox is not in sync with the Podfile.lock. Run 'pod install' or update your CocoaPods installation.\" >&2\n    exit 1\nfi\n# This output is used by Xcode 'outputs' to avoid re-running this script phase.\necho \"SUCCESS\" > \"${SCRIPT_OUTPUT_FILE_0}\"\n";
			showEnvVarsInLog = 0;
		};
/* End PBXShellScriptBuildPhase section */

/* Begin PBXSourcesBuildPhase section */
		5C5EC49D29A640D8006D5D65 /* Sources */ = {
			isa = PBXSourcesBuildPhase;
			buildActionMask = 2147483647;
			files = (
				5C5EC4A429A640D8006D5D65 /* PlanDo_Unittest.swift in Sources */,
			);
			runOnlyForDeploymentPostprocessing = 0;
		};
		5CA6AC0B298799D1004AE124 /* Sources */ = {
			isa = PBXSourcesBuildPhase;
			buildActionMask = 2147483647;
			files = (
				5C32275B29A14D6000498F2D /* ColorUtils.swift in Sources */,
				5C4B8CF02994CE4800B6348E /* ColorStyle.swift in Sources */,
				5CBAF8FF29A499090019FC5C /* CalculateProgressUtils.swift in Sources */,
				5C62FE7229922EE70046A41F /* TextStyle.swift in Sources */,
				5C24155B299A2DCE00259CEB /* PlanDo.swift in Sources */,
				5C68C427299B63C8005FE6E2 /* CardView.swift in Sources */,
				5CBAF8FD29A4982F0019FC5C /* TaskCardManager.swift in Sources */,
				5C32275D29A14DE600498F2D /* DateTimeUtils.swift in Sources */,
				5C62FE7029922A640046A41F /* BottomBar.swift in Sources */,
				5C4B8CED2994ADE100B6348E /* TabBar_model.swift in Sources */,
				5CA6AC13298799D1004AE124 /* Main.swift in Sources */,
			);
			runOnlyForDeploymentPostprocessing = 0;
		};
/* End PBXSourcesBuildPhase section */

/* Begin PBXTargetDependency section */
		5C5EC4A629A640D8006D5D65 /* PBXTargetDependency */ = {
			isa = PBXTargetDependency;
			target = 5CA6AC0E298799D1004AE124 /* 1weekPDCA */;
			targetProxy = 5C5EC4A529A640D8006D5D65 /* PBXContainerItemProxy */;
		};
/* End PBXTargetDependency section */

/* Begin XCBuildConfiguration section */
		5C5EC4A829A640D8006D5D65 /* Debug */ = {
			isa = XCBuildConfiguration;
			baseConfigurationReference = 066E9E9530888081ABB7CF48 /* Pods-1weekPDCA_UnitTests.debug.xcconfig */;
			buildSettings = {
				BUNDLE_LOADER = "$(TEST_HOST)";
				CODE_SIGN_STYLE = Automatic;
				CURRENT_PROJECT_VERSION = 1;
				DEVELOPMENT_TEAM = K8B9SC8BT3;
				GENERATE_INFOPLIST_FILE = YES;
				IPHONEOS_DEPLOYMENT_TARGET = 16.2;
				MARKETING_VERSION = 1.0;
				PRODUCT_BUNDLE_IDENTIFIER = "com.k-saito-en.-weekPDCA-UITests";
				PRODUCT_NAME = "$(TARGET_NAME)";
				SWIFT_EMIT_LOC_STRINGS = NO;
				SWIFT_VERSION = 5.0;
				TARGETED_DEVICE_FAMILY = "1,2";
				TEST_HOST = "$(BUILT_PRODUCTS_DIR)/1weekPDCA.app/$(BUNDLE_EXECUTABLE_FOLDER_PATH)/1weekPDCA";
			};
			name = Debug;
		};
		5C5EC4A929A640D8006D5D65 /* Release */ = {
			isa = XCBuildConfiguration;
			baseConfigurationReference = 0141AB8D21D71AA947F83176 /* Pods-1weekPDCA_UnitTests.release.xcconfig */;
			buildSettings = {
				BUNDLE_LOADER = "$(TEST_HOST)";
				CODE_SIGN_STYLE = Automatic;
				CURRENT_PROJECT_VERSION = 1;
				DEVELOPMENT_TEAM = K8B9SC8BT3;
				GENERATE_INFOPLIST_FILE = YES;
				IPHONEOS_DEPLOYMENT_TARGET = 16.2;
				MARKETING_VERSION = 1.0;
				PRODUCT_BUNDLE_IDENTIFIER = "com.k-saito-en.-weekPDCA-UITests";
				PRODUCT_NAME = "$(TARGET_NAME)";
				SWIFT_EMIT_LOC_STRINGS = NO;
				SWIFT_VERSION = 5.0;
				TARGETED_DEVICE_FAMILY = "1,2";
				TEST_HOST = "$(BUILT_PRODUCTS_DIR)/1weekPDCA.app/$(BUNDLE_EXECUTABLE_FOLDER_PATH)/1weekPDCA";
			};
			name = Release;
		};
		5CA6AC31298799D5004AE124 /* Debug */ = {
			isa = XCBuildConfiguration;
			buildSettings = {
				ALWAYS_SEARCH_USER_PATHS = NO;
				CLANG_ANALYZER_NONNULL = YES;
				CLANG_ANALYZER_NUMBER_OBJECT_CONVERSION = YES_AGGRESSIVE;
				CLANG_CXX_LANGUAGE_STANDARD = "gnu++20";
				CLANG_ENABLE_MODULES = YES;
				CLANG_ENABLE_OBJC_ARC = YES;
				CLANG_ENABLE_OBJC_WEAK = YES;
				CLANG_WARN_BLOCK_CAPTURE_AUTORELEASING = YES;
				CLANG_WARN_BOOL_CONVERSION = YES;
				CLANG_WARN_COMMA = YES;
				CLANG_WARN_CONSTANT_CONVERSION = YES;
				CLANG_WARN_DEPRECATED_OBJC_IMPLEMENTATIONS = YES;
				CLANG_WARN_DIRECT_OBJC_ISA_USAGE = YES_ERROR;
				CLANG_WARN_DOCUMENTATION_COMMENTS = YES;
				CLANG_WARN_EMPTY_BODY = YES;
				CLANG_WARN_ENUM_CONVERSION = YES;
				CLANG_WARN_INFINITE_RECURSION = YES;
				CLANG_WARN_INT_CONVERSION = YES;
				CLANG_WARN_NON_LITERAL_NULL_CONVERSION = YES;
				CLANG_WARN_OBJC_IMPLICIT_RETAIN_SELF = YES;
				CLANG_WARN_OBJC_LITERAL_CONVERSION = YES;
				CLANG_WARN_OBJC_ROOT_CLASS = YES_ERROR;
				CLANG_WARN_QUOTED_INCLUDE_IN_FRAMEWORK_HEADER = YES;
				CLANG_WARN_RANGE_LOOP_ANALYSIS = YES;
				CLANG_WARN_STRICT_PROTOTYPES = YES;
				CLANG_WARN_SUSPICIOUS_MOVE = YES;
				CLANG_WARN_UNGUARDED_AVAILABILITY = YES_AGGRESSIVE;
				CLANG_WARN_UNREACHABLE_CODE = YES;
				CLANG_WARN__DUPLICATE_METHOD_MATCH = YES;
				COPY_PHASE_STRIP = NO;
				DEBUG_INFORMATION_FORMAT = dwarf;
				ENABLE_STRICT_OBJC_MSGSEND = YES;
				ENABLE_TESTABILITY = YES;
				GCC_C_LANGUAGE_STANDARD = gnu11;
				GCC_DYNAMIC_NO_PIC = NO;
				GCC_NO_COMMON_BLOCKS = YES;
				GCC_OPTIMIZATION_LEVEL = 0;
				GCC_PREPROCESSOR_DEFINITIONS = (
					"DEBUG=1",
					"$(inherited)",
				);
				GCC_WARN_64_TO_32_BIT_CONVERSION = YES;
				GCC_WARN_ABOUT_RETURN_TYPE = YES_ERROR;
				GCC_WARN_UNDECLARED_SELECTOR = YES;
				GCC_WARN_UNINITIALIZED_AUTOS = YES_AGGRESSIVE;
				GCC_WARN_UNUSED_FUNCTION = YES;
				GCC_WARN_UNUSED_VARIABLE = YES;
				IPHONEOS_DEPLOYMENT_TARGET = 16.1.1;
				MTL_ENABLE_DEBUG_INFO = INCLUDE_SOURCE;
				MTL_FAST_MATH = YES;
				ONLY_ACTIVE_ARCH = YES;
				SDKROOT = iphoneos;
				SWIFT_ACTIVE_COMPILATION_CONDITIONS = DEBUG;
				SWIFT_OPTIMIZATION_LEVEL = "-Onone";
			};
			name = Debug;
		};
		5CA6AC32298799D5004AE124 /* Release */ = {
			isa = XCBuildConfiguration;
			buildSettings = {
				ALWAYS_SEARCH_USER_PATHS = NO;
				CLANG_ANALYZER_NONNULL = YES;
				CLANG_ANALYZER_NUMBER_OBJECT_CONVERSION = YES_AGGRESSIVE;
				CLANG_CXX_LANGUAGE_STANDARD = "gnu++20";
				CLANG_ENABLE_MODULES = YES;
				CLANG_ENABLE_OBJC_ARC = YES;
				CLANG_ENABLE_OBJC_WEAK = YES;
				CLANG_WARN_BLOCK_CAPTURE_AUTORELEASING = YES;
				CLANG_WARN_BOOL_CONVERSION = YES;
				CLANG_WARN_COMMA = YES;
				CLANG_WARN_CONSTANT_CONVERSION = YES;
				CLANG_WARN_DEPRECATED_OBJC_IMPLEMENTATIONS = YES;
				CLANG_WARN_DIRECT_OBJC_ISA_USAGE = YES_ERROR;
				CLANG_WARN_DOCUMENTATION_COMMENTS = YES;
				CLANG_WARN_EMPTY_BODY = YES;
				CLANG_WARN_ENUM_CONVERSION = YES;
				CLANG_WARN_INFINITE_RECURSION = YES;
				CLANG_WARN_INT_CONVERSION = YES;
				CLANG_WARN_NON_LITERAL_NULL_CONVERSION = YES;
				CLANG_WARN_OBJC_IMPLICIT_RETAIN_SELF = YES;
				CLANG_WARN_OBJC_LITERAL_CONVERSION = YES;
				CLANG_WARN_OBJC_ROOT_CLASS = YES_ERROR;
				CLANG_WARN_QUOTED_INCLUDE_IN_FRAMEWORK_HEADER = YES;
				CLANG_WARN_RANGE_LOOP_ANALYSIS = YES;
				CLANG_WARN_STRICT_PROTOTYPES = YES;
				CLANG_WARN_SUSPICIOUS_MOVE = YES;
				CLANG_WARN_UNGUARDED_AVAILABILITY = YES_AGGRESSIVE;
				CLANG_WARN_UNREACHABLE_CODE = YES;
				CLANG_WARN__DUPLICATE_METHOD_MATCH = YES;
				COPY_PHASE_STRIP = NO;
				DEBUG_INFORMATION_FORMAT = "dwarf-with-dsym";
				ENABLE_NS_ASSERTIONS = NO;
				ENABLE_STRICT_OBJC_MSGSEND = YES;
				GCC_C_LANGUAGE_STANDARD = gnu11;
				GCC_NO_COMMON_BLOCKS = YES;
				GCC_WARN_64_TO_32_BIT_CONVERSION = YES;
				GCC_WARN_ABOUT_RETURN_TYPE = YES_ERROR;
				GCC_WARN_UNDECLARED_SELECTOR = YES;
				GCC_WARN_UNINITIALIZED_AUTOS = YES_AGGRESSIVE;
				GCC_WARN_UNUSED_FUNCTION = YES;
				GCC_WARN_UNUSED_VARIABLE = YES;
				IPHONEOS_DEPLOYMENT_TARGET = 16.1.1;
				MTL_ENABLE_DEBUG_INFO = NO;
				MTL_FAST_MATH = YES;
				SDKROOT = iphoneos;
				SWIFT_COMPILATION_MODE = wholemodule;
				SWIFT_OPTIMIZATION_LEVEL = "-O";
				VALIDATE_PRODUCT = YES;
			};
			name = Release;
		};
		5CA6AC34298799D5004AE124 /* Debug */ = {
			isa = XCBuildConfiguration;
			baseConfigurationReference = F9FD94932A614A4D48A7E067 /* Pods-1weekPDCA.debug.xcconfig */;
			buildSettings = {
				ASSETCATALOG_COMPILER_APPICON_NAME = AppIcon;
				ASSETCATALOG_COMPILER_GLOBAL_ACCENT_COLOR_NAME = AccentColor;
				CODE_SIGN_STYLE = Automatic;
				CURRENT_PROJECT_VERSION = 1;
				DEVELOPMENT_ASSET_PATHS = "\"1weekPDCA/Preview Content\"";
				DEVELOPMENT_TEAM = K8B9SC8BT3;
				ENABLE_PREVIEWS = YES;
				GENERATE_INFOPLIST_FILE = YES;
				INFOPLIST_KEY_UIApplicationSceneManifest_Generation = YES;
				INFOPLIST_KEY_UIApplicationSupportsIndirectInputEvents = YES;
				INFOPLIST_KEY_UILaunchScreen_Generation = YES;
				INFOPLIST_KEY_UISupportedInterfaceOrientations_iPad = "UIInterfaceOrientationPortrait UIInterfaceOrientationPortraitUpsideDown UIInterfaceOrientationLandscapeLeft UIInterfaceOrientationLandscapeRight";
				INFOPLIST_KEY_UISupportedInterfaceOrientations_iPhone = "UIInterfaceOrientationPortrait UIInterfaceOrientationLandscapeLeft UIInterfaceOrientationLandscapeRight";
				LD_RUNPATH_SEARCH_PATHS = (
					"$(inherited)",
					"@executable_path/Frameworks",
				);
				MARKETING_VERSION = 1.0;
				PRODUCT_BUNDLE_IDENTIFIER = "com.k-saito-en.-weekPDCA";
				PRODUCT_NAME = "$(TARGET_NAME)";
				SWIFT_EMIT_LOC_STRINGS = YES;
				SWIFT_VERSION = 5.0;
				TARGETED_DEVICE_FAMILY = "1,2";
			};
			name = Debug;
		};
		5CA6AC35298799D5004AE124 /* Release */ = {
			isa = XCBuildConfiguration;
			baseConfigurationReference = 3D63D9445BED265BCCE36233 /* Pods-1weekPDCA.release.xcconfig */;
			buildSettings = {
				ASSETCATALOG_COMPILER_APPICON_NAME = AppIcon;
				ASSETCATALOG_COMPILER_GLOBAL_ACCENT_COLOR_NAME = AccentColor;
				CODE_SIGN_STYLE = Automatic;
				CURRENT_PROJECT_VERSION = 1;
				DEVELOPMENT_ASSET_PATHS = "\"1weekPDCA/Preview Content\"";
				DEVELOPMENT_TEAM = K8B9SC8BT3;
				ENABLE_PREVIEWS = YES;
				GENERATE_INFOPLIST_FILE = YES;
				INFOPLIST_KEY_UIApplicationSceneManifest_Generation = YES;
				INFOPLIST_KEY_UIApplicationSupportsIndirectInputEvents = YES;
				INFOPLIST_KEY_UILaunchScreen_Generation = YES;
				INFOPLIST_KEY_UISupportedInterfaceOrientations_iPad = "UIInterfaceOrientationPortrait UIInterfaceOrientationPortraitUpsideDown UIInterfaceOrientationLandscapeLeft UIInterfaceOrientationLandscapeRight";
				INFOPLIST_KEY_UISupportedInterfaceOrientations_iPhone = "UIInterfaceOrientationPortrait UIInterfaceOrientationLandscapeLeft UIInterfaceOrientationLandscapeRight";
				LD_RUNPATH_SEARCH_PATHS = (
					"$(inherited)",
					"@executable_path/Frameworks",
				);
				MARKETING_VERSION = 1.0;
				PRODUCT_BUNDLE_IDENTIFIER = "com.k-saito-en.-weekPDCA";
				PRODUCT_NAME = "$(TARGET_NAME)";
				SWIFT_EMIT_LOC_STRINGS = YES;
				SWIFT_VERSION = 5.0;
				TARGETED_DEVICE_FAMILY = "1,2";
			};
			name = Release;
		};
/* End XCBuildConfiguration section */

/* Begin XCConfigurationList section */
		5C5EC4A729A640D8006D5D65 /* Build configuration list for PBXNativeTarget "1weekPDCA_UnitTests" */ = {
			isa = XCConfigurationList;
			buildConfigurations = (
				5C5EC4A829A640D8006D5D65 /* Debug */,
				5C5EC4A929A640D8006D5D65 /* Release */,
			);
			defaultConfigurationIsVisible = 0;
			defaultConfigurationName = Release;
		};
		5CA6AC0A298799D1004AE124 /* Build configuration list for PBXProject "1weekPDCA" */ = {
			isa = XCConfigurationList;
			buildConfigurations = (
				5CA6AC31298799D5004AE124 /* Debug */,
				5CA6AC32298799D5004AE124 /* Release */,
			);
			defaultConfigurationIsVisible = 0;
			defaultConfigurationName = Release;
		};
		5CA6AC33298799D5004AE124 /* Build configuration list for PBXNativeTarget "1weekPDCA" */ = {
			isa = XCConfigurationList;
			buildConfigurations = (
				5CA6AC34298799D5004AE124 /* Debug */,
				5CA6AC35298799D5004AE124 /* Release */,
			);
			defaultConfigurationIsVisible = 0;
			defaultConfigurationName = Release;
		};
/* End XCConfigurationList section */

/* Begin XCRemoteSwiftPackageReference section */
		5CDAF58029A7087C00A9D289 /* XCRemoteSwiftPackageReference "ViewInspector" */ = {
			isa = XCRemoteSwiftPackageReference;
			repositoryURL = "https://github.com/nalexn/ViewInspector";
			requirement = {
				kind = upToNextMajorVersion;
				minimumVersion = 0.9.5;
			};
		};
/* End XCRemoteSwiftPackageReference section */

/* Begin XCSwiftPackageProductDependency section */
		5CDAF58129A7087C00A9D289 /* ViewInspector */ = {
			isa = XCSwiftPackageProductDependency;
			package = 5CDAF58029A7087C00A9D289 /* XCRemoteSwiftPackageReference "ViewInspector" */;
			productName = ViewInspector;
		};
/* End XCSwiftPackageProductDependency section */
	};
	rootObject = 5CA6AC07298799D1004AE124 /* Project object */;
}
